
Microsoft Visual Studio Solution File, Format Version 12.00
# Visual Studio Version 17
VisualStudioVersion = 17.0.32014.148
MinimumVisualStudioVersion = 10.0.40219.1
Project("{FAE04EC0-301F-11D3-BF4B-00C04F79EFBC}") = "LongestSequenceOfSameTemperature", "LongestSequenceOfSameTemperature.csproj", "{9736F98C-FB2C-469D-AF4C-3F35DD33900E}"
EndProject
Global
	GlobalSection(SolutionConfigurationPlatforms) = preSolution
		Debug|Any CPU = Debug|Any CPU
		Release|Any CPU = Release|Any CPU
	EndGlobalSection
	GlobalSection(ProjectConfigurationPlatforms) = postSolution
		{9736F98C-FB2C-469D-AF4C-3F35DD33900E}.Debug|Any CPU.ActiveCfg = Debug|Any CPU
		{9736F98C-FB2C-469D-AF4C-3F35DD33900E}.Debug|Any CPU.Build.0 = Debug|Any CPU
		{9736F98C-FB2C-469D-AF4C-3F35DD33900E}.Release|Any CPU.ActiveCfg = Release|Any CPU
		{9736F98C-FB2C-469D-AF4C-3F35DD33900E}.Release|Any CPU.Build.0 = Release|Any CPU
	EndGlobalSection
	GlobalSection(SolutionProperties) = preSolution
		HideSolutionNode = FALSE
	EndGlobalSection
	GlobalSection(ExtensibilityGlobals) = postSolution
		SolutionGuid = {FA29E3DF-E134-4FD1-BAD1-E7FD25FA9350}
	EndGlobalSection
EndGlobal
